// !$*UTF8*$!
{
	archiveVersion = 1;
	classes = {
	};
	objectVersion = 50;
	objects = {

/* Begin PBXBuildFile section */
		B537133C24583FFE001EF85E /* AppDelegate.swift in Sources */ = {isa = PBXBuildFile; fileRef = B537133B24583FFE001EF85E /* AppDelegate.swift */; };
		B537133E24583FFE001EF85E /* SceneDelegate.swift in Sources */ = {isa = PBXBuildFile; fileRef = B537133D24583FFE001EF85E /* SceneDelegate.swift */; };
		B537134024583FFE001EF85E /* UserDetailsViewController.swift in Sources */ = {isa = PBXBuildFile; fileRef = B537133F24583FFE001EF85E /* UserDetailsViewController.swift */; };
		B537134324583FFE001EF85E /* Main.storyboard in Resources */ = {isa = PBXBuildFile; fileRef = B537134124583FFE001EF85E /* Main.storyboard */; };
		B537134524584002001EF85E /* Assets.xcassets in Resources */ = {isa = PBXBuildFile; fileRef = B537134424584002001EF85E /* Assets.xcassets */; };
		B537134824584002001EF85E /* LaunchScreen.storyboard in Resources */ = {isa = PBXBuildFile; fileRef = B537134624584002001EF85E /* LaunchScreen.storyboard */; };
		B537135124584066001EF85E /* UserDetailsTableViewCell.swift in Sources */ = {isa = PBXBuildFile; fileRef = B537134F24584066001EF85E /* UserDetailsTableViewCell.swift */; };
		B537135224584066001EF85E /* UserDetailsTableViewCell.xib in Resources */ = {isa = PBXBuildFile; fileRef = B537135024584066001EF85E /* UserDetailsTableViewCell.xib */; };
		B5371355245844C2001EF85E /* UserDetailsModel.swift in Sources */ = {isa = PBXBuildFile; fileRef = B5371354245844C2001EF85E /* UserDetailsModel.swift */; };
		B53713582458B974001EF85E /* UrlToImage.swift in Sources */ = {isa = PBXBuildFile; fileRef = B53713572458B974001EF85E /* UrlToImage.swift */; };
		B537135A2458BE86001EF85E /* CardView.swift in Sources */ = {isa = PBXBuildFile; fileRef = B53713592458BE86001EF85E /* CardView.swift */; };
/* End PBXBuildFile section */

/* Begin PBXFileReference section */
		B537133824583FFE001EF85E /* Machine Test.app */ = {isa = PBXFileReference; explicitFileType = wrapper.application; includeInIndex = 0; path = "Machine Test.app"; sourceTree = BUILT_PRODUCTS_DIR; };
		B537133B24583FFE001EF85E /* AppDelegate.swift */ = {isa = PBXFileReference; lastKnownFileType = sourcecode.swift; path = AppDelegate.swift; sourceTree = "<group>"; };
		B537133D24583FFE001EF85E /* SceneDelegate.swift */ = {isa = PBXFileReference; lastKnownFileType = sourcecode.swift; path = SceneDelegate.swift; sourceTree = "<group>"; };
		B537133F24583FFE001EF85E /* UserDetailsViewController.swift */ = {isa = PBXFileReference; lastKnownFileType = sourcecode.swift; path = UserDetailsViewController.swift; sourceTree = "<group>"; };
		B537134224583FFE001EF85E /* Base */ = {isa = PBXFileReference; lastKnownFileType = file.storyboard; name = Base; path = Base.lproj/Main.storyboard; sourceTree = "<group>"; };
		B537134424584002001EF85E /* Assets.xcassets */ = {isa = PBXFileReference; lastKnownFileType = folder.assetcatalog; path = Assets.xcassets; sourceTree = "<group>"; };
		B537134724584002001EF85E /* Base */ = {isa = PBXFileReference; lastKnownFileType = file.storyboard; name = Base; path = Base.lproj/LaunchScreen.storyboard; sourceTree = "<group>"; };
		B537134924584002001EF85E /* Info.plist */ = {isa = PBXFileReference; lastKnownFileType = text.plist.xml; path = Info.plist; sourceTree = "<group>"; };
		B537134F24584066001EF85E /* UserDetailsTableViewCell.swift */ = {isa = PBXFileReference; lastKnownFileType = sourcecode.swift; path = UserDetailsTableViewCell.swift; sourceTree = "<group>"; };
		B537135024584066001EF85E /* UserDetailsTableViewCell.xib */ = {isa = PBXFileReference; lastKnownFileType = file.xib; path = UserDetailsTableViewCell.xib; sourceTree = "<group>"; };
		B5371354245844C2001EF85E /* UserDetailsModel.swift */ = {isa = PBXFileReference; lastKnownFileType = sourcecode.swift; path = UserDetailsModel.swift; sourceTree = "<group>"; };
		B53713572458B974001EF85E /* UrlToImage.swift */ = {isa = PBXFileReference; lastKnownFileType = sourcecode.swift; path = UrlToImage.swift; sourceTree = "<group>"; };
		B53713592458BE86001EF85E /* CardView.swift */ = {isa = PBXFileReference; lastKnownFileType = sourcecode.swift; path = CardView.swift; sourceTree = "<group>"; };
/* End PBXFileReference section */

/* Begin PBXFrameworksBuildPhase section */
		B537133524583FFE001EF85E /* Frameworks */ = {
			isa = PBXFrameworksBuildPhase;
			buildActionMask = 2147483647;
			files = (
			);
			runOnlyForDeploymentPostprocessing = 0;
		};
/* End PBXFrameworksBuildPhase section */

/* Begin PBXGroup section */
		B537132F24583FFE001EF85E = {
			isa = PBXGroup;
			children = (
				B537133A24583FFE001EF85E /* Machine Test */,
				B537133924583FFE001EF85E /* Products */,
			);
			sourceTree = "<group>";
		};
		B537133924583FFE001EF85E /* Products */ = {
			isa = PBXGroup;
			children = (
				B537133824583FFE001EF85E /* Machine Test.app */,
			);
			name = Products;
			sourceTree = "<group>";
		};
		B537133A24583FFE001EF85E /* Machine Test */ = {
			isa = PBXGroup;
			children = (
				B537135D2458C5CC001EF85E /* Controller */,
				B537135C2458C5B4001EF85E /* AppDelegate */,
				B537135B2458C589001EF85E /* View */,
				B53713562458B95E001EF85E /* Helper */,
				B5371353245844A1001EF85E /* Model */,
				B537134124583FFE001EF85E /* Main.storyboard */,
				B537134424584002001EF85E /* Assets.xcassets */,
				B537134624584002001EF85E /* LaunchScreen.storyboard */,
				B537134924584002001EF85E /* Info.plist */,
			);
			path = "Machine Test";
			sourceTree = "<group>";
		};
		B5371353245844A1001EF85E /* Model */ = {
			isa = PBXGroup;
			children = (
				B5371354245844C2001EF85E /* UserDetailsModel.swift */,
			);
			path = Model;
			sourceTree = "<group>";
		};
		B53713562458B95E001EF85E /* Helper */ = {
			isa = PBXGroup;
			children = (
				B53713572458B974001EF85E /* UrlToImage.swift */,
				B53713592458BE86001EF85E /* CardView.swift */,
			);
			path = Helper;
			sourceTree = "<group>";
		};
		B537135B2458C589001EF85E /* View */ = {
			isa = PBXGroup;
			children = (
				B537134F24584066001EF85E /* UserDetailsTableViewCell.swift */,
				B537135024584066001EF85E /* UserDetailsTableViewCell.xib */,
			);
			path = View;
			sourceTree = "<group>";
		};
		B537135C2458C5B4001EF85E /* AppDelegate */ = {
			isa = PBXGroup;
			children = (
				B537133B24583FFE001EF85E /* AppDelegate.swift */,
				B537133D24583FFE001EF85E /* SceneDelegate.swift */,
			);
			path = AppDelegate;
			sourceTree = "<group>";
		};
		B537135D2458C5CC001EF85E /* Controller */ = {
			isa = PBXGroup;
			children = (
				B537133F24583FFE001EF85E /* UserDetailsViewController.swift */,
			);
			path = Controller;
			sourceTree = "<group>";
		};
/* End PBXGroup section */

/* Begin PBXNativeTarget section */
		B537133724583FFE001EF85E /* Machine Test */ = {
			isa = PBXNativeTarget;
			buildConfigurationList = B537134C24584002001EF85E /* Build configuration list for PBXNativeTarget "Machine Test" */;
			buildPhases = (
				B537133424583FFE001EF85E /* Sources */,
				B537133524583FFE001EF85E /* Frameworks */,
				B537133624583FFE001EF85E /* Resources */,
			);
			buildRules = (
			);
			dependencies = (
			);
			name = "Machine Test";
			productName = "Machine Test";
			productReference = B537133824583FFE001EF85E /* Machine Test.app */;
			productType = "com.apple.product-type.application";
		};
/* End PBXNativeTarget section */

/* Begin PBXProject section */
		B537133024583FFE001EF85E /* Project object */ = {
			isa = PBXProject;
			attributes = {
				LastSwiftUpdateCheck = 1130;
				LastUpgradeCheck = 1130;
				ORGANIZATIONNAME = "Sourabh Jain";
				TargetAttributes = {
					B537133724583FFE001EF85E = {
						CreatedOnToolsVersion = 11.3.1;
					};
				};
			};
			buildConfigurationList = B537133324583FFE001EF85E /* Build configuration list for PBXProject "Machine Test" */;
			compatibilityVersion = "Xcode 9.3";
			developmentRegion = en;
			hasScannedForEncodings = 0;
			knownRegions = (
				en,
				Base,
			);
			mainGroup = B537132F24583FFE001EF85E;
			productRefGroup = B537133924583FFE001EF85E /* Products */;
			projectDirPath = "";
			projectRoot = "";
			targets = (
				B537133724583FFE001EF85E /* Machine Test */,
			);
		};
/* End PBXProject section */

/* Begin PBXResourcesBuildPhase section */
		B537133624583FFE001EF85E /* Resources */ = {
			isa = PBXResourcesBuildPhase;
			buildActionMask = 2147483647;
			files = (
				B537134824584002001EF85E /* LaunchScreen.storyboard in Resources */,
				B537135224584066001EF85E /* UserDetailsTableViewCell.xib in Resources */,
				B537134524584002001EF85E /* Assets.xcassets in Resources */,
				B537134324583FFE001EF85E /* Main.storyboard in Resources */,
			);
			runOnlyForDeploymentPostprocessing = 0;
		};
/* End PBXResourcesBuildPhase section */

/* Begin PBXSourcesBuildPhase section */
		B537133424583FFE001EF85E /* Sources */ = {
			isa = PBXSourcesBuildPhase;
			buildActionMask = 2147483647;
			files = (
				B537135A2458BE86001EF85E /* CardView.swift in Sources */,
				B537134024583FFE001EF85E /* UserDetailsViewController.swift in Sources */,
				B537135124584066001EF85E /* UserDetailsTableViewCell.swift in Sources */,
				B53713582458B974001EF85E /* UrlToImage.swift in Sources */,
				B5371355245844C2001EF85E /* UserDetailsModel.swift in Sources */,
				B537133C24583FFE001EF85E /* AppDelegate.swift in Sources */,
				B537133E24583FFE001EF85E /* SceneDelegate.swift in Sources */,
			);
			runOnlyForDeploymentPostprocessing = 0;
		};
/* End PBXSourcesBuildPhase section */

/* Begin PBXVariantGroup section */
		B537134124583FFE001EF85E /* Main.storyboard */ = {
			isa = PBXVariantGroup;
			children = (
				B537134224583FFE001EF85E /* Base */,
			);
			name = Main.storyboard;
			sourceTree = "<group>";
		};
		B537134624584002001EF85E /* LaunchScreen.storyboard */ = {
			isa = PBXVariantGroup;
			children = (
				B537134724584002001EF85E /* Base */,
			);
			name = LaunchScreen.storyboard;
			sourceTree = "<group>";
		};
/* End PBXVariantGroup section */

/* Begin XCBuildConfiguration section */
		B537134A24584002001EF85E /* Debug */ = {
			isa = XCBuildConfiguration;
			buildSettings = {
				ALWAYS_SEARCH_USER_PATHS = NO;
				CLANG_ANALYZER_NONNULL = YES;
				CLANG_ANALYZER_NUMBER_OBJECT_CONVERSION = YES_AGGRESSIVE;
				CLANG_CXX_LANGUAGE_STANDARD = "gnu++14";
				CLANG_CXX_LIBRARY = "libc++";
				CLANG_ENABLE_MODULES = YES;
				CLANG_ENABLE_OBJC_ARC = YES;
				CLANG_ENABLE_OBJC_WEAK = YES;
				CLANG_WARN_BLOCK_CAPTURE_AUTORELEASING = YES;
				CLANG_WARN_BOOL_CONVERSION = YES;
				CLANG_WARN_COMMA = YES;
				CLANG_WARN_CONSTANT_CONVERSION = YES;
				CLANG_WARN_DEPRECATED_OBJC_IMPLEMENTATIONS = YES;
				CLANG_WARN_DIRECT_OBJC_ISA_USAGE = YES_ERROR;
				CLANG_WARN_DOCUMENTATION_COMMENTS = YES;
				CLANG_WARN_EMPTY_BODY = YES;
				CLANG_WARN_ENUM_CONVERSION = YES;
				CLANG_WARN_INFINITE_RECURSION = YES;
				CLANG_WARN_INT_CONVERSION = YES;
				CLANG_WARN_NON_LITERAL_NULL_CONVERSION = YES;
				CLANG_WARN_OBJC_IMPLICIT_RETAIN_SELF = YES;
				CLANG_WARN_OBJC_LITERAL_CONVERSION = YES;
				CLANG_WARN_OBJC_ROOT_CLASS = YES_ERROR;
				CLANG_WARN_RANGE_LOOP_ANALYSIS = YES;
				CLANG_WARN_STRICT_PROTOTYPES = YES;
				CLANG_WARN_SUSPICIOUS_MOVE = YES;
				CLANG_WARN_UNGUARDED_AVAILABILITY = YES_AGGRESSIVE;
				CLANG_WARN_UNREACHABLE_CODE = YES;
				CLANG_WARN__DUPLICATE_METHOD_MATCH = YES;
				COPY_PHASE_STRIP = NO;
				DEBUG_INFORMATION_FORMAT = dwarf;
				ENABLE_STRICT_OBJC_MSGSEND = YES;
				ENABLE_TESTABILITY = YES;
				GCC_C_LANGUAGE_STANDARD = gnu11;
				GCC_DYNAMIC_NO_PIC = NO;
				GCC_NO_COMMON_BLOCKS = YES;
				GCC_OPTIMIZATION_LEVEL = 0;
				GCC_PREPROCESSOR_DEFINITIONS = (
					"DEBUG=1",
					"$(inherited)",
				);
				GCC_WARN_64_TO_32_BIT_CONVERSION = YES;
				GCC_WARN_ABOUT_RETURN_TYPE = YES_ERROR;
				GCC_WARN_UNDECLARED_SELECTOR = YES;
				GCC_WARN_UNINITIALIZED_AUTOS = YES_AGGRESSIVE;
				GCC_WARN_UNUSED_FUNCTION = YES;
				GCC_WARN_UNUSED_VARIABLE = YES;
				IPHONEOS_DEPLOYMENT_TARGET = 13.2;
				MTL_ENABLE_DEBUG_INFO = INCLUDE_SOURCE;
				MTL_FAST_MATH = YES;
				ONLY_ACTIVE_ARCH = YES;
				SDKROOT = iphoneos;
				SWIFT_ACTIVE_COMPILATION_CONDITIONS = DEBUG;
				SWIFT_OPTIMIZATION_LEVEL = "-Onone";
			};
			name = Debug;
		};
		B537134B24584002001EF85E /* Release */ = {
			isa = XCBuildConfiguration;
			buildSettings = {
				ALWAYS_SEARCH_USER_PATHS = NO;
				CLANG_ANALYZER_NONNULL = YES;
				CLANG_ANALYZER_NUMBER_OBJECT_CONVERSION = YES_AGGRESSIVE;
				CLANG_CXX_LANGUAGE_STANDARD = "gnu++14";
				CLANG_CXX_LIBRARY = "libc++";
				CLANG_ENABLE_MODULES = YES;
				CLANG_ENABLE_OBJC_ARC = YES;
				CLANG_ENABLE_OBJC_WEAK = YES;
				CLANG_WARN_BLOCK_CAPTURE_AUTORELEASING = YES;
				CLANG_WARN_BOOL_CONVERSION = YES;
				CLANG_WARN_COMMA = YES;
				CLANG_WARN_CONSTANT_CONVERSION = YES;
				CLANG_WARN_DEPRECATED_OBJC_IMPLEMENTATIONS = YES;
				CLANG_WARN_DIRECT_OBJC_ISA_USAGE = YES_ERROR;
				CLANG_WARN_DOCUMENTATION_COMMENTS = YES;
				CLANG_WARN_EMPTY_BODY = YES;
				CLANG_WARN_ENUM_CONVERSION = YES;
				CLANG_WARN_INFINITE_RECURSION = YES;
				CLANG_WARN_INT_CONVERSION = YES;
				CLANG_WARN_NON_LITERAL_NULL_CONVERSION = YES;
				CLANG_WARN_OBJC_IMPLICIT_RETAIN_SELF = YES;
				CLANG_WARN_OBJC_LITERAL_CONVERSION = YES;
				CLANG_WARN_OBJC_ROOT_CLASS = YES_ERROR;
				CLANG_WARN_RANGE_LOOP_ANALYSIS = YES;
				CLANG_WARN_STRICT_PROTOTYPES = YES;
				CLANG_WARN_SUSPICIOUS_MOVE = YES;
				CLANG_WARN_UNGUARDED_AVAILABILITY = YES_AGGRESSIVE;
				CLANG_WARN_UNREACHABLE_CODE = YES;
				CLANG_WARN__DUPLICATE_METHOD_MATCH = YES;
				COPY_PHASE_STRIP = NO;
				DEBUG_INFORMATION_FORMAT = "dwarf-with-dsym";
				ENABLE_NS_ASSERTIONS = NO;
				ENABLE_STRICT_OBJC_MSGSEND = YES;
				GCC_C_LANGUAGE_STANDARD = gnu11;
				GCC_NO_COMMON_BLOCKS = YES;
				GCC_WARN_64_TO_32_BIT_CONVERSION = YES;
				GCC_WARN_ABOUT_RETURN_TYPE = YES_ERROR;
				GCC_WARN_UNDECLARED_SELECTOR = YES;
				GCC_WARN_UNINITIALIZED_AUTOS = YES_AGGRESSIVE;
				GCC_WARN_UNUSED_FUNCTION = YES;
				GCC_WARN_UNUSED_VARIABLE = YES;
				IPHONEOS_DEPLOYMENT_TARGET = 13.2;
				MTL_ENABLE_DEBUG_INFO = NO;
				MTL_FAST_MATH = YES;
				SDKROOT = iphoneos;
				SWIFT_COMPILATION_MODE = wholemodule;
				SWIFT_OPTIMIZATION_LEVEL = "-O";
				VALIDATE_PRODUCT = YES;
			};
			name = Release;
		};
		B537134D24584002001EF85E /* Debug */ = {
			isa = XCBuildConfiguration;
			buildSettings = {
				ASSETCATALOG_COMPILER_APPICON_NAME = AppIcon;
				CODE_SIGN_STYLE = Automatic;
				DEVELOPMENT_TEAM = MGRP94WW69;
				INFOPLIST_FILE = "Machine Test/Info.plist";
				LD_RUNPATH_SEARCH_PATHS = (
					"$(inherited)",
					"@executable_path/Frameworks",
				);
				PRODUCT_BUNDLE_IDENTIFIER = "com.Practice.Machine-Test";
				PRODUCT_NAME = "$(TARGET_NAME)";
				SWIFT_VERSION = 5.0;
				TARGETED_DEVICE_FAMILY = "1,2";
			};
			name = Debug;
		};
		B537134E24584002001EF85E /* Release */ = {
			isa = XCBuildConfiguration;
			buildSettings = {
				ASSETCATALOG_COMPILER_APPICON_NAME = AppIcon;
				CODE_SIGN_STYLE = Automatic;
				DEVELOPMENT_TEAM = MGRP94WW69;
				INFOPLIST_FILE = "Machine Test/Info.plist";
				LD_RUNPATH_SEARCH_PATHS = (
					"$(inherited)",
					"@executable_path/Frameworks",
				);
				PRODUCT_BUNDLE_IDENTIFIER = "com.Practice.Machine-Test";
				PRODUCT_NAME = "$(TARGET_NAME)";
				SWIFT_VERSION = 5.0;
				TARGETED_DEVICE_FAMILY = "1,2";
			};
			name = Release;
		};
/* End XCBuildConfiguration section */

/* Begin XCConfigurationList section */
		B537133324583FFE001EF85E /* Build configuration list for PBXProject "Machine Test" */ = {
			isa = XCConfigurationList;
			buildConfigurations = (
				B537134A24584002001EF85E /* Debug */,
				B537134B24584002001EF85E /* Release */,
			);
			defaultConfigurationIsVisible = 0;
			defaultConfigurationName = Release;
		};
		B537134C24584002001EF85E /* Build configuration list for PBXNativeTarget "Machine Test" */ = {
			isa = XCConfigurationList;
			buildConfigurations = (
				B537134D24584002001EF85E /* Debug */,
				B537134E24584002001EF85E /* Release */,
			);
			defaultConfigurationIsVisible = 0;
			defaultConfigurationName = Release;
		};
/* End XCConfigurationList section */
	};
	rootObject = B537133024583FFE001EF85E /* Project object */;
}
